// !$*UTF8*$!
{
	archiveVersion = 1;
	classes = {
	};
	objectVersion = 52;
	objects = {

/* Begin PBXBuildFile section */
		1885452A269EA3E00006C9C4 /* API.swift in Sources */ = {isa = PBXBuildFile; fileRef = 18854529269EA3E00006C9C4 /* API.swift */; };
		18AC952C269D49D80090C510 /* AppDelegate.swift in Sources */ = {isa = PBXBuildFile; fileRef = 18AC952B269D49D80090C510 /* AppDelegate.swift */; };
		18AC952E269D49D80090C510 /* SceneDelegate.swift in Sources */ = {isa = PBXBuildFile; fileRef = 18AC952D269D49D80090C510 /* SceneDelegate.swift */; };
		18AC9530269D49D80090C510 /* ContentView.swift in Sources */ = {isa = PBXBuildFile; fileRef = 18AC952F269D49D80090C510 /* ContentView.swift */; };
		18AC9532269D49DB0090C510 /* Assets.xcassets in Resources */ = {isa = PBXBuildFile; fileRef = 18AC9531269D49DB0090C510 /* Assets.xcassets */; };
		18AC9535269D49DB0090C510 /* Preview Assets.xcassets in Resources */ = {isa = PBXBuildFile; fileRef = 18AC9534269D49DB0090C510 /* Preview Assets.xcassets */; };
		18AC9538269D49DB0090C510 /* LaunchScreen.storyboard in Resources */ = {isa = PBXBuildFile; fileRef = 18AC9536269D49DB0090C510 /* LaunchScreen.storyboard */; };
		18AC9542269D4BD40090C510 /* FacebookCore in Frameworks */ = {isa = PBXBuildFile; productRef = 18AC9541269D4BD40090C510 /* FacebookCore */; };
		18AC9544269D4BD40090C510 /* FacebookLogin in Frameworks */ = {isa = PBXBuildFile; productRef = 18AC9543269D4BD40090C510 /* FacebookLogin */; };
/* End PBXBuildFile section */

/* Begin PBXFileReference section */
		18854529269EA3E00006C9C4 /* API.swift */ = {isa = PBXFileReference; lastKnownFileType = sourcecode.swift; path = API.swift; sourceTree = "<group>"; };
		18AC9528269D49D80090C510 /* IG Manager.app */ = {isa = PBXFileReference; explicitFileType = wrapper.application; includeInIndex = 0; path = "IG Manager.app"; sourceTree = BUILT_PRODUCTS_DIR; };
		18AC952B269D49D80090C510 /* AppDelegate.swift */ = {isa = PBXFileReference; lastKnownFileType = sourcecode.swift; path = AppDelegate.swift; sourceTree = "<group>"; };
		18AC952D269D49D80090C510 /* SceneDelegate.swift */ = {isa = PBXFileReference; lastKnownFileType = sourcecode.swift; path = SceneDelegate.swift; sourceTree = "<group>"; };
		18AC952F269D49D80090C510 /* ContentView.swift */ = {isa = PBXFileReference; lastKnownFileType = sourcecode.swift; path = ContentView.swift; sourceTree = "<group>"; };
		18AC9531269D49DB0090C510 /* Assets.xcassets */ = {isa = PBXFileReference; lastKnownFileType = folder.assetcatalog; path = Assets.xcassets; sourceTree = "<group>"; };
		18AC9534269D49DB0090C510 /* Preview Assets.xcassets */ = {isa = PBXFileReference; lastKnownFileType = folder.assetcatalog; path = "Preview Assets.xcassets"; sourceTree = "<group>"; };
		18AC9537269D49DB0090C510 /* Base */ = {isa = PBXFileReference; lastKnownFileType = file.storyboard; name = Base; path = Base.lproj/LaunchScreen.storyboard; sourceTree = "<group>"; };
		18AC9539269D49DB0090C510 /* Info.plist */ = {isa = PBXFileReference; lastKnownFileType = text.plist.xml; path = Info.plist; sourceTree = "<group>"; };
/* End PBXFileReference section */

/* Begin PBXFrameworksBuildPhase section */
		18AC9525269D49D80090C510 /* Frameworks */ = {
			isa = PBXFrameworksBuildPhase;
			buildActionMask = 2147483647;
			files = (
				18AC9544269D4BD40090C510 /* FacebookLogin in Frameworks */,
				18AC9542269D4BD40090C510 /* FacebookCore in Frameworks */,
			);
			runOnlyForDeploymentPostprocessing = 0;
		};
/* End PBXFrameworksBuildPhase section */

/* Begin PBXGroup section */
		18AC951F269D49D80090C510 = {
			isa = PBXGroup;
			children = (
				18AC952A269D49D80090C510 /* IG Manager */,
				18AC9529269D49D80090C510 /* Products */,
			);
			sourceTree = "<group>";
		};
		18AC9529269D49D80090C510 /* Products */ = {
			isa = PBXGroup;
			children = (
				18AC9528269D49D80090C510 /* IG Manager.app */,
			);
			name = Products;
			sourceTree = "<group>";
		};
		18AC952A269D49D80090C510 /* IG Manager */ = {
			isa = PBXGroup;
			children = (
				18854529269EA3E00006C9C4 /* API.swift */,
				18AC952B269D49D80090C510 /* AppDelegate.swift */,
				18AC952D269D49D80090C510 /* SceneDelegate.swift */,
				18AC952F269D49D80090C510 /* ContentView.swift */,
				18AC9531269D49DB0090C510 /* Assets.xcassets */,
				18AC9536269D49DB0090C510 /* LaunchScreen.storyboard */,
				18AC9539269D49DB0090C510 /* Info.plist */,
				18AC9533269D49DB0090C510 /* Preview Content */,
			);
			path = "IG Manager";
			sourceTree = "<group>";
		};
		18AC9533269D49DB0090C510 /* Preview Content */ = {
			isa = PBXGroup;
			children = (
				18AC9534269D49DB0090C510 /* Preview Assets.xcassets */,
			);
			path = "Preview Content";
			sourceTree = "<group>";
		};
/* End PBXGroup section */

/* Begin PBXNativeTarget section */
		18AC9527269D49D80090C510 /* IG Manager */ = {
			isa = PBXNativeTarget;
			buildConfigurationList = 18AC953C269D49DB0090C510 /* Build configuration list for PBXNativeTarget "IG Manager" */;
			buildPhases = (
				18AC9524269D49D80090C510 /* Sources */,
				18AC9525269D49D80090C510 /* Frameworks */,
				18AC9526269D49D80090C510 /* Resources */,
			);
			buildRules = (
			);
			dependencies = (
			);
			name = "IG Manager";
			packageProductDependencies = (
				18AC9541269D4BD40090C510 /* FacebookCore */,
				18AC9543269D4BD40090C510 /* FacebookLogin */,
			);
			productName = "IG Manager";
			productReference = 18AC9528269D49D80090C510 /* IG Manager.app */;
			productType = "com.apple.product-type.application";
		};
/* End PBXNativeTarget section */

/* Begin PBXProject section */
		18AC9520269D49D80090C510 /* Project object */ = {
			isa = PBXProject;
			attributes = {
				LastSwiftUpdateCheck = 1240;
				LastUpgradeCheck = 1240;
				TargetAttributes = {
					18AC9527269D49D80090C510 = {
						CreatedOnToolsVersion = 12.4;
					};
				};
			};
			buildConfigurationList = 18AC9523269D49D80090C510 /* Build configuration list for PBXProject "IG Manager" */;
			compatibilityVersion = "Xcode 9.3";
			developmentRegion = en;
			hasScannedForEncodings = 0;
			knownRegions = (
				en,
				Base,
			);
			mainGroup = 18AC951F269D49D80090C510;
			packageReferences = (
				18AC9540269D4BD40090C510 /* XCRemoteSwiftPackageReference "facebook-ios-sdk" */,
			);
			productRefGroup = 18AC9529269D49D80090C510 /* Products */;
			projectDirPath = "";
			projectRoot = "";
			targets = (
				18AC9527269D49D80090C510 /* IG Manager */,
			);
		};
/* End PBXProject section */

/* Begin PBXResourcesBuildPhase section */
		18AC9526269D49D80090C510 /* Resources */ = {
			isa = PBXResourcesBuildPhase;
			buildActionMask = 2147483647;
			files = (
				18AC9538269D49DB0090C510 /* LaunchScreen.storyboard in Resources */,
				18AC9535269D49DB0090C510 /* Preview Assets.xcassets in Resources */,
				18AC9532269D49DB0090C510 /* Assets.xcassets in Resources */,
			);
			runOnlyForDeploymentPostprocessing = 0;
		};
/* End PBXResourcesBuildPhase section */

/* Begin PBXSourcesBuildPhase section */
		18AC9524269D49D80090C510 /* Sources */ = {
			isa = PBXSourcesBuildPhase;
			buildActionMask = 2147483647;
			files = (
				18AC952C269D49D80090C510 /* AppDelegate.swift in Sources */,
				18AC952E269D49D80090C510 /* SceneDelegate.swift in Sources */,
				1885452A269EA3E00006C9C4 /* API.swift in Sources */,
				18AC9530269D49D80090C510 /* ContentView.swift in Sources */,
			);
			runOnlyForDeploymentPostprocessing = 0;
		};
/* End PBXSourcesBuildPhase section */

/* Begin PBXVariantGroup section */
		18AC9536269D49DB0090C510 /* LaunchScreen.storyboard */ = {
			isa = PBXVariantGroup;
			children = (
				18AC9537269D49DB0090C510 /* Base */,
			);
			name = LaunchScreen.storyboard;
			sourceTree = "<group>";
		};
/* End PBXVariantGroup section */

/* Begin XCBuildConfiguration section */
		18AC953A269D49DB0090C510 /* Debug */ = {
			isa = XCBuildConfiguration;
			buildSettings = {
				ALWAYS_SEARCH_USER_PATHS = NO;
				CLANG_ANALYZER_NONNULL = YES;
				CLANG_ANALYZER_NUMBER_OBJECT_CONVERSION = YES_AGGRESSIVE;
				CLANG_CXX_LANGUAGE_STANDARD = "gnu++14";
				CLANG_CXX_LIBRARY = "libc++";
				CLANG_ENABLE_MODULES = YES;
				CLANG_ENABLE_OBJC_ARC = YES;
				CLANG_ENABLE_OBJC_WEAK = YES;
				CLANG_WARN_BLOCK_CAPTURE_AUTORELEASING = YES;
				CLANG_WARN_BOOL_CONVERSION = YES;
				CLANG_WARN_COMMA = YES;
				CLANG_WARN_CONSTANT_CONVERSION = YES;
				CLANG_WARN_DEPRECATED_OBJC_IMPLEMENTATIONS = YES;
				CLANG_WARN_DIRECT_OBJC_ISA_USAGE = YES_ERROR;
				CLANG_WARN_DOCUMENTATION_COMMENTS = YES;
				CLANG_WARN_EMPTY_BODY = YES;
				CLANG_WARN_ENUM_CONVERSION = YES;
				CLANG_WARN_INFINITE_RECURSION = YES;
				CLANG_WARN_INT_CONVERSION = YES;
				CLANG_WARN_NON_LITERAL_NULL_CONVERSION = YES;
				CLANG_WARN_OBJC_IMPLICIT_RETAIN_SELF = YES;
				CLANG_WARN_OBJC_LITERAL_CONVERSION = YES;
				CLANG_WARN_OBJC_ROOT_CLASS = YES_ERROR;
				CLANG_WARN_QUOTED_INCLUDE_IN_FRAMEWORK_HEADER = YES;
				CLANG_WARN_RANGE_LOOP_ANALYSIS = YES;
				CLANG_WARN_STRICT_PROTOTYPES = YES;
				CLANG_WARN_SUSPICIOUS_MOVE = YES;
				CLANG_WARN_UNGUARDED_AVAILABILITY = YES_AGGRESSIVE;
				CLANG_WARN_UNREACHABLE_CODE = YES;
				CLANG_WARN__DUPLICATE_METHOD_MATCH = YES;
				COPY_PHASE_STRIP = NO;
				DEBUG_INFORMATION_FORMAT = dwarf;
				ENABLE_STRICT_OBJC_MSGSEND = YES;
				ENABLE_TESTABILITY = YES;
				GCC_C_LANGUAGE_STANDARD = gnu11;
				GCC_DYNAMIC_NO_PIC = NO;
				GCC_NO_COMMON_BLOCKS = YES;
				GCC_OPTIMIZATION_LEVEL = 0;
				GCC_PREPROCESSOR_DEFINITIONS = (
					"DEBUG=1",
					"$(inherited)",
				);
				GCC_WARN_64_TO_32_BIT_CONVERSION = YES;
				GCC_WARN_ABOUT_RETURN_TYPE = YES_ERROR;
				GCC_WARN_UNDECLARED_SELECTOR = YES;
				GCC_WARN_UNINITIALIZED_AUTOS = YES_AGGRESSIVE;
				GCC_WARN_UNUSED_FUNCTION = YES;
				GCC_WARN_UNUSED_VARIABLE = YES;
				IPHONEOS_DEPLOYMENT_TARGET = 14.4;
				MTL_ENABLE_DEBUG_INFO = INCLUDE_SOURCE;
				MTL_FAST_MATH = YES;
				ONLY_ACTIVE_ARCH = YES;
				SDKROOT = iphoneos;
				SWIFT_ACTIVE_COMPILATION_CONDITIONS = DEBUG;
				SWIFT_OPTIMIZATION_LEVEL = "-Onone";
			};
			name = Debug;
		};
		18AC953B269D49DB0090C510 /* Release */ = {
			isa = XCBuildConfiguration;
			buildSettings = {
				ALWAYS_SEARCH_USER_PATHS = NO;
				CLANG_ANALYZER_NONNULL = YES;
				CLANG_ANALYZER_NUMBER_OBJECT_CONVERSION = YES_AGGRESSIVE;
				CLANG_CXX_LANGUAGE_STANDARD = "gnu++14";
				CLANG_CXX_LIBRARY = "libc++";
				CLANG_ENABLE_MODULES = YES;
				CLANG_ENABLE_OBJC_ARC = YES;
				CLANG_ENABLE_OBJC_WEAK = YES;
				CLANG_WARN_BLOCK_CAPTURE_AUTORELEASING = YES;
				CLANG_WARN_BOOL_CONVERSION = YES;
				CLANG_WARN_COMMA = YES;
				CLANG_WARN_CONSTANT_CONVERSION = YES;
				CLANG_WARN_DEPRECATED_OBJC_IMPLEMENTATIONS = YES;
				CLANG_WARN_DIRECT_OBJC_ISA_USAGE = YES_ERROR;
				CLANG_WARN_DOCUMENTATION_COMMENTS = YES;
				CLANG_WARN_EMPTY_BODY = YES;
				CLANG_WARN_ENUM_CONVERSION = YES;
				CLANG_WARN_INFINITE_RECURSION = YES;
				CLANG_WARN_INT_CONVERSION = YES;
				CLANG_WARN_NON_LITERAL_NULL_CONVERSION = YES;
				CLANG_WARN_OBJC_IMPLICIT_RETAIN_SELF = YES;
				CLANG_WARN_OBJC_LITERAL_CONVERSION = YES;
				CLANG_WARN_OBJC_ROOT_CLASS = YES_ERROR;
				CLANG_WARN_QUOTED_INCLUDE_IN_FRAMEWORK_HEADER = YES;
				CLANG_WARN_RANGE_LOOP_ANALYSIS = YES;
				CLANG_WARN_STRICT_PROTOTYPES = YES;
				CLANG_WARN_SUSPICIOUS_MOVE = YES;
				CLANG_WARN_UNGUARDED_AVAILABILITY = YES_AGGRESSIVE;
				CLANG_WARN_UNREACHABLE_CODE = YES;
				CLANG_WARN__DUPLICATE_METHOD_MATCH = YES;
				COPY_PHASE_STRIP = NO;
				DEBUG_INFORMATION_FORMAT = "dwarf-with-dsym";
				ENABLE_NS_ASSERTIONS = NO;
				ENABLE_STRICT_OBJC_MSGSEND = YES;
				GCC_C_LANGUAGE_STANDARD = gnu11;
				GCC_NO_COMMON_BLOCKS = YES;
				GCC_WARN_64_TO_32_BIT_CONVERSION = YES;
				GCC_WARN_ABOUT_RETURN_TYPE = YES_ERROR;
				GCC_WARN_UNDECLARED_SELECTOR = YES;
				GCC_WARN_UNINITIALIZED_AUTOS = YES_AGGRESSIVE;
				GCC_WARN_UNUSED_FUNCTION = YES;
				GCC_WARN_UNUSED_VARIABLE = YES;
				IPHONEOS_DEPLOYMENT_TARGET = 14.4;
				MTL_ENABLE_DEBUG_INFO = NO;
				MTL_FAST_MATH = YES;
				SDKROOT = iphoneos;
				SWIFT_COMPILATION_MODE = wholemodule;
				SWIFT_OPTIMIZATION_LEVEL = "-O";
				VALIDATE_PRODUCT = YES;
			};
			name = Release;
		};
		18AC953D269D49DB0090C510 /* Debug */ = {
			isa = XCBuildConfiguration;
			buildSettings = {
				ASSETCATALOG_COMPILER_APPICON_NAME = AppIcon;
				ASSETCATALOG_COMPILER_GLOBAL_ACCENT_COLOR_NAME = AccentColor;
				CODE_SIGN_STYLE = Automatic;
				DEVELOPMENT_ASSET_PATHS = "\"IG Manager/Preview Content\"";
				ENABLE_PREVIEWS = YES;
				INFOPLIST_FILE = "IG Manager/Info.plist";
				LD_RUNPATH_SEARCH_PATHS = (
					"$(inherited)",
					"@executable_path/Frameworks",
				);
				PRODUCT_BUNDLE_IDENTIFIER = "com.vinhndt.IG-Manager1";
				PRODUCT_NAME = "$(TARGET_NAME)";
				SWIFT_VERSION = 5.0;
				TARGETED_DEVICE_FAMILY = "1,2";
			};
			name = Debug;
		};
		18AC953E269D49DB0090C510 /* Release */ = {
			isa = XCBuildConfiguration;
			buildSettings = {
				ASSETCATALOG_COMPILER_APPICON_NAME = AppIcon;
				ASSETCATALOG_COMPILER_GLOBAL_ACCENT_COLOR_NAME = AccentColor;
				CODE_SIGN_STYLE = Automatic;
				DEVELOPMENT_ASSET_PATHS = "\"IG Manager/Preview Content\"";
				ENABLE_PREVIEWS = YES;
				INFOPLIST_FILE = "IG Manager/Info.plist";
				LD_RUNPATH_SEARCH_PATHS = (
					"$(inherited)",
					"@executable_path/Frameworks",
				);
				PRODUCT_BUNDLE_IDENTIFIER = "com.vinhndt.IG-Manager1";
				PRODUCT_NAME = "$(TARGET_NAME)";
				SWIFT_VERSION = 5.0;
				TARGETED_DEVICE_FAMILY = "1,2";
			};
			name = Release;
		};
/* End XCBuildConfiguration section */

/* Begin XCConfigurationList section */
		18AC9523269D49D80090C510 /* Build configuration list for PBXProject "IG Manager" */ = {
			isa = XCConfigurationList;
			buildConfigurations = (
				18AC953A269D49DB0090C510 /* Debug */,
				18AC953B269D49DB0090C510 /* Release */,
			);
			defaultConfigurationIsVisible = 0;
			defaultConfigurationName = Release;
		};
		18AC953C269D49DB0090C510 /* Build configuration list for PBXNativeTarget "IG Manager" */ = {
			isa = XCConfigurationList;
			buildConfigurations = (
				18AC953D269D49DB0090C510 /* Debug */,
				18AC953E269D49DB0090C510 /* Release */,
			);
			defaultConfigurationIsVisible = 0;
			defaultConfigurationName = Release;
		};
/* End XCConfigurationList section */

/* Begin XCRemoteSwiftPackageReference section */
		18AC9540269D4BD40090C510 /* XCRemoteSwiftPackageReference "facebook-ios-sdk" */ = {
			isa = XCRemoteSwiftPackageReference;
			repositoryURL = "https://github.com/facebook/facebook-ios-sdk";
			requirement = {
				kind = upToNextMajorVersion;
				minimumVersion = 11.0.1;
			};
		};
/* End XCRemoteSwiftPackageReference section */

/* Begin XCSwiftPackageProductDependency section */
		18AC9541269D4BD40090C510 /* FacebookCore */ = {
			isa = XCSwiftPackageProductDependency;
			package = 18AC9540269D4BD40090C510 /* XCRemoteSwiftPackageReference "facebook-ios-sdk" */;
			productName = FacebookCore;
		};
		18AC9543269D4BD40090C510 /* FacebookLogin */ = {
			isa = XCSwiftPackageProductDependency;
			package = 18AC9540269D4BD40090C510 /* XCRemoteSwiftPackageReference "facebook-ios-sdk" */;
			productName = FacebookLogin;
		};
/* End XCSwiftPackageProductDependency section */
	};
	rootObject = 18AC9520269D49D80090C510 /* Project object */;
}
